
Microsoft Visual Studio Solution File, Format Version 12.00
# Visual Studio 15
VisualStudioVersion = 15.0.28307.421
MinimumVisualStudioVersion = 10.0.40219.1
Project("{FAE04EC0-301F-11D3-BF4B-00C04F79EFBC}") = "OP_LAB9", "OP_LAB9\OP_LAB9.csproj", "{83773128-173B-42DA-8EF7-C243D2228DCA}"
EndProject
Global
	GlobalSection(SolutionConfigurationPlatforms) = preSolution
		Debug|Any CPU = Debug|Any CPU
		Release|Any CPU = Release|Any CPU
	EndGlobalSection
	GlobalSection(ProjectConfigurationPlatforms) = postSolution
		{83773128-173B-42DA-8EF7-C243D2228DCA}.Debug|Any CPU.ActiveCfg = Debug|Any CPU
		{83773128-173B-42DA-8EF7-C243D2228DCA}.Debug|Any CPU.Build.0 = Debug|Any CPU
		{83773128-173B-42DA-8EF7-C243D2228DCA}.Release|Any CPU.ActiveCfg = Release|Any CPU
		{83773128-173B-42DA-8EF7-C243D2228DCA}.Release|Any CPU.Build.0 = Release|Any CPU
	EndGlobalSection
	GlobalSection(SolutionProperties) = preSolution
		HideSolutionNode = FALSE
	EndGlobalSection
	GlobalSection(ExtensibilityGlobals) = postSolution
		SolutionGuid = {503AD108-8C82-4545-BEE9-F83B3050CCBD}
	EndGlobalSection
EndGlobal
